{
  "name": "first_test",
  "lockfileVersion": 3,
  "requires": true,
  "packages": {
    "": {
      "dependencies": {
        "@bufbuild/buf": "^1.27.1"
      }
    },
    "node_modules/@bufbuild/buf": {
      "version": "1.27.1",
      "resolved": "https://registry.npmjs.org/@bufbuild/buf/-/buf-1.27.1.tgz",
      "integrity": "sha512-PtMIFojz77V5BYmC4OR+y6IqsI3jc1b2qysPJ7vaR1jx5K94C9prGvtWEJeEI06xaffVD97VsTt0VR6gTNk+HA==",
      "hasInstallScript": true,
      "bin": {
        "buf": "bin/buf",
        "protoc-gen-buf-breaking": "bin/protoc-gen-buf-breaking",
        "protoc-gen-buf-lint": "bin/protoc-gen-buf-lint"
      },
      "engines": {
        "node": ">=12"
      },
      "optionalDependencies": {
        "@bufbuild/buf-darwin-arm64": "1.27.1",
        "@bufbuild/buf-darwin-x64": "1.27.1",
        "@bufbuild/buf-linux-aarch64": "1.27.1",
        "@bufbuild/buf-linux-x64": "1.27.1",
        "@bufbuild/buf-win32-arm64": "1.27.1",
        "@bufbuild/buf-win32-x64": "1.27.1"
      }
    },
    "node_modules/@bufbuild/buf-darwin-arm64": {
      "version": "1.27.1",
      "resolved": "https://registry.npmjs.org/@bufbuild/buf-darwin-arm64/-/buf-darwin-arm64-1.27.1.tgz",
      "integrity": "sha512-TpaRqvhcR0AgwoG93L3jv8oZtV0YHZx8j2Oj/CqHwqK910VZ2hF6JBy9FSIYqrzOj4JbHnBb6CENlDHUR5WJPw==",
      "cpu": [
        "arm64"
      ],
      "optional": true,
      "os": [
        "darwin"
      ],
      "engines": {
        "node": ">=12"
      }
    },
    "node_modules/@bufbuild/buf-darwin-x64": {
      "version": "1.27.1",
      "resolved": "https://registry.npmjs.org/@bufbuild/buf-darwin-x64/-/buf-darwin-x64-1.27.1.tgz",
      "integrity": "sha512-aQAVHm53B2PlzMO4sAlXspsGvCl0IGGSG9xRdDa2uEvvvYlSwZeYCJZSy9l5T1W35rz1AN6Y/u9sV+ylHcmi2A==",
      "cpu": [
        "x64"
      ],
      "optional": true,
      "os": [
        "darwin"
      ],
      "engines": {
        "node": ">=12"
      }
    },
    "node_modules/@bufbuild/buf-linux-aarch64": {
      "version": "1.27.1",
      "resolved": "https://registry.npmjs.org/@bufbuild/buf-linux-aarch64/-/buf-linux-aarch64-1.27.1.tgz",
      "integrity": "sha512-p4hX0VasF8Yd4+yAkiV5uUTaleEMWdnzDFWmBxwSjpORAXqp/By1JPH8flr2tPRGN+uIGbtXl3T2sOEsqS2gfA==",
      "cpu": [
        "arm64"
      ],
      "optional": true,
      "os": [
        "linux"
      ],
      "engines": {
        "node": ">=12"
      }
    },
    "node_modules/@bufbuild/buf-linux-x64": {
      "version": "1.27.1",
      "resolved": "https://registry.npmjs.org/@bufbuild/buf-linux-x64/-/buf-linux-x64-1.27.1.tgz",
      "integrity": "sha512-NizPSsd/Q9pfOnR9yEDKIwyYCpG1uRWixJSdraAuO6NfyiPwjZ8+F0shIWfLNptANqM7GPBC7HNc5wX380OHCA==",
      "cpu": [
        "x64"
      ],
      "optional": true,
      "os": [
        "linux"
      ],
      "engines": {
        "node": ">=12"
      }
    },
    "node_modules/@bufbuild/buf-win32-arm64": {
      "version": "1.27.1",
      "resolved": "https://registry.npmjs.org/@bufbuild/buf-win32-arm64/-/buf-win32-arm64-1.27.1.tgz",
      "integrity": "sha512-WoH2cF8cQ7e2qeeoQDuvmfzW13n3blo0LdX59BFU+zUehKYBfEy7fcmuF8NmAOKhgzOXCh7mimukXpRE7kfyYw==",
      "cpu": [
        "arm64"
      ],
      "optional": true,
      "os": [
        "win32"
      ],
      "engines": {
        "node": ">=12"
      }
    },
    "node_modules/@bufbuild/buf-win32-x64": {
      "version": "1.27.1",
      "resolved": "https://registry.npmjs.org/@bufbuild/buf-win32-x64/-/buf-win32-x64-1.27.1.tgz",
      "integrity": "sha512-x3x7l+hfT71sf8bwxKME7NXPBNT+R8gObFpcEaTk6xTGPfOlbX8Y4M9C4kX2cH0oSFgkafIe+TUReCYrP3cGvA==",
      "cpu": [
        "x64"
      ],
      "optional": true,
      "os": [
        "win32"
      ],
      "engines": {
        "node": ">=12"
      }
    }
  }
}
